github.com/go-errors/errors v1.0.1 h1:LUHzmkK3GUKUrL/1gfBUxAHzcev3apQlezX/+O7ma6w=
github.com/go-errors/errors v1.0.1/go.mod h1:f4zRHt4oKfwPJE5k8C9vpYG+aDHdBFUsgrm6/TyX73Q=
github.com/indeedhat/gli v0.0.0-20181108225235-6644b1d4c091 h1:YUsX7cywXnOER7Cm4PkFI9zRUerXbnfjnVU9YV3fi48=
github.com/indeedhat/gli v0.0.0-20181108225235-6644b1d4c091/go.mod h1:vEJ/oLazgpwMhk6k1Us2eBldY3oXCEOV61xNetO+01k=
